// !$*UTF8*$!
{
	archiveVersion = 1;
	classes = {
	};
	objectVersion = 50;
	objects = {

/* Begin PBXBuildFile section */
		7105C916241CE9B5001A4325 /* AppDelegate.swift in Sources */ = {isa = PBXBuildFile; fileRef = 7105C915241CE9B5001A4325 /* AppDelegate.swift */; };
		7105C91D241CE9B6001A4325 /* Main.storyboard in Resources */ = {isa = PBXBuildFile; fileRef = 7105C91B241CE9B6001A4325 /* Main.storyboard */; };
		7105C91F241CE9B7001A4325 /* Assets.xcassets in Resources */ = {isa = PBXBuildFile; fileRef = 7105C91E241CE9B7001A4325 /* Assets.xcassets */; };
		7105C922241CE9B7001A4325 /* LaunchScreen.storyboard in Resources */ = {isa = PBXBuildFile; fileRef = 7105C920241CE9B7001A4325 /* LaunchScreen.storyboard */; };
		7105C92F241D0235001A4325 /* PoseEstimator.swift in Sources */ = {isa = PBXBuildFile; fileRef = 7105C92E241D0235001A4325 /* PoseEstimator.swift */; };
		7105C933241D0651001A4325 /* TFLiteImageInterpreter.swift in Sources */ = {isa = PBXBuildFile; fileRef = 7105C932241D0651001A4325 /* TFLiteImageInterpreter.swift */; };
		7105C935241D0821001A4325 /* PoseNetPoseEstimator.swift in Sources */ = {isa = PBXBuildFile; fileRef = 7105C934241D0821001A4325 /* PoseNetPoseEstimator.swift */; };
		7105C937241D29B8001A4325 /* VideoCapture.swift in Sources */ = {isa = PBXBuildFile; fileRef = 7105C936241D29B8001A4325 /* VideoCapture.swift */; };
		7105C93A241E7624001A4325 /* posenet_mobilenet_v1_100_257x257_multi_kpt_stripped.tflite in Resources */ = {isa = PBXBuildFile; fileRef = 7105C939241E7624001A4325 /* posenet_mobilenet_v1_100_257x257_multi_kpt_stripped.tflite */; };
		7105C93C241E8CE3001A4325 /* CVPixelBufferExtension.swift in Sources */ = {isa = PBXBuildFile; fileRef = 7105C93B241E8CE3001A4325 /* CVPixelBufferExtension.swift */; };
		7105C93E241E90C2001A4325 /* DataExtension.swift in Sources */ = {isa = PBXBuildFile; fileRef = 7105C93D241E90C2001A4325 /* DataExtension.swift */; };
		712A7FC12424BDD800B043F9 /* StillImageLineViewController.swift in Sources */ = {isa = PBXBuildFile; fileRef = 712A7FC02424BDD800B043F9 /* StillImageLineViewController.swift */; };
		712A7FC4242504EB00B043F9 /* PoseKeypointsDrawingView.swift in Sources */ = {isa = PBXBuildFile; fileRef = 712A7FC3242504EB00B043F9 /* PoseKeypointsDrawingView.swift */; };
		712A7FC62425FD7200B043F9 /* UIImageExtension.swift in Sources */ = {isa = PBXBuildFile; fileRef = 712A7FC52425FD7200B043F9 /* UIImageExtension.swift */; };
		712A7FC9242667C900B043F9 /* PEFMHourglassPoseEstimator.swift in Sources */ = {isa = PBXBuildFile; fileRef = 712A7FC8242667C900B043F9 /* PEFMHourglassPoseEstimator.swift */; };
		712A7FCD242668FF00B043F9 /* pefm_hourglass_v2.tflite in Resources */ = {isa = PBXBuildFile; fileRef = 712A7FCC242668FF00B043F9 /* pefm_hourglass_v2.tflite */; };
		712A7FCF2426690A00B043F9 /* pefm_cpm.tflite in Resources */ = {isa = PBXBuildFile; fileRef = 712A7FCE2426690A00B043F9 /* pefm_cpm.tflite */; };
		712A7FD12426691B00B043F9 /* PEFMCPMPoseEstimator.swift in Sources */ = {isa = PBXBuildFile; fileRef = 712A7FD02426691B00B043F9 /* PEFMCPMPoseEstimator.swift */; };
		712A7FD324266EC700B043F9 /* pefm_hourglass_v1.tflite in Resources */ = {isa = PBXBuildFile; fileRef = 712A7FD224266EC700B043F9 /* pefm_hourglass_v1.tflite */; };
		7138DCCF242142FE0048E1D2 /* TFLiteFlatArray.swift in Sources */ = {isa = PBXBuildFile; fileRef = 7138DCCE242142FE0048E1D2 /* TFLiteFlatArray.swift */; };
		71A1ED1F24527D55001F796C /* PoseConfidenceMapDrawingView.swift in Sources */ = {isa = PBXBuildFile; fileRef = 71A1ED1E24527D55001F796C /* PoseConfidenceMapDrawingView.swift */; };
		71A1ED4124574F2E001F796C /* StillImageHeatmapViewController.swift in Sources */ = {isa = PBXBuildFile; fileRef = 71A1ED4024574F2E001F796C /* StillImageHeatmapViewController.swift */; };
		71A1ED43245971AC001F796C /* LICENSE in Resources */ = {isa = PBXBuildFile; fileRef = 71A1ED42245971AC001F796C /* LICENSE */; };
		71B07B97245E5C6C001FD385 /* NumericExtension.swift in Sources */ = {isa = PBXBuildFile; fileRef = 71B07B96245E5C6C001FD385 /* NumericExtension.swift */; };
		71DD577F2446D7CF0024C146 /* NonMaximumnonSuppression.swift in Sources */ = {isa = PBXBuildFile; fileRef = 71DD577E2446D7CF0024C146 /* NonMaximumnonSuppression.swift */; };
		71E8D9172438BAC10081DD6E /* openpose_ildoonet.tflite in Resources */ = {isa = PBXBuildFile; fileRef = 71E8D9162438BAC10081DD6E /* openpose_ildoonet.tflite */; };
		71E8D9192438BAD80081DD6E /* OpenPosePoseEstimator.swift in Sources */ = {isa = PBXBuildFile; fileRef = 71E8D9182438BAD80081DD6E /* OpenPosePoseEstimator.swift */; };
		71E8D93B243CC5330081DD6E /* README.md in Resources */ = {isa = PBXBuildFile; fileRef = 71E8D93A243CC5320081DD6E /* README.md */; };
		71FE62A52466941400425708 /* LiveLineHeatmapViewController.swift in Sources */ = {isa = PBXBuildFile; fileRef = 71FE62A42466941400425708 /* LiveLineHeatmapViewController.swift */; };
		E0C93A920161DEF82C2B75E0 /* Pods_PoseEstimation_TFLiteSwift.framework in Frameworks */ = {isa = PBXBuildFile; fileRef = 5D99304E5824CB3ABF8752B4 /* Pods_PoseEstimation_TFLiteSwift.framework */; };
/* End PBXBuildFile section */

/* Begin PBXFileReference section */
		2CB3B8CB51A6B2D98D208272 /* Pods-PoseEstimation-TFLiteSwift.debug.xcconfig */ = {isa = PBXFileReference; includeInIndex = 1; lastKnownFileType = text.xcconfig; name = "Pods-PoseEstimation-TFLiteSwift.debug.xcconfig"; path = "Target Support Files/Pods-PoseEstimation-TFLiteSwift/Pods-PoseEstimation-TFLiteSwift.debug.xcconfig"; sourceTree = "<group>"; };
		5D99304E5824CB3ABF8752B4 /* Pods_PoseEstimation_TFLiteSwift.framework */ = {isa = PBXFileReference; explicitFileType = wrapper.framework; includeInIndex = 0; path = Pods_PoseEstimation_TFLiteSwift.framework; sourceTree = BUILT_PRODUCTS_DIR; };
		7105C912241CE9B5001A4325 /* Pose-TFLiteSwift.app */ = {isa = PBXFileReference; explicitFileType = wrapper.application; includeInIndex = 0; path = "Pose-TFLiteSwift.app"; sourceTree = BUILT_PRODUCTS_DIR; };
		7105C915241CE9B5001A4325 /* AppDelegate.swift */ = {isa = PBXFileReference; lastKnownFileType = sourcecode.swift; path = AppDelegate.swift; sourceTree = "<group>"; };
		7105C91C241CE9B6001A4325 /* Base */ = {isa = PBXFileReference; lastKnownFileType = file.storyboard; name = Base; path = Base.lproj/Main.storyboard; sourceTree = "<group>"; };
		7105C91E241CE9B7001A4325 /* Assets.xcassets */ = {isa = PBXFileReference; lastKnownFileType = folder.assetcatalog; path = Assets.xcassets; sourceTree = "<group>"; };
		7105C921241CE9B7001A4325 /* Base */ = {isa = PBXFileReference; lastKnownFileType = file.storyboard; name = Base; path = Base.lproj/LaunchScreen.storyboard; sourceTree = "<group>"; };
		7105C923241CE9B7001A4325 /* Info.plist */ = {isa = PBXFileReference; lastKnownFileType = text.plist.xml; path = Info.plist; sourceTree = "<group>"; };
		7105C92E241D0235001A4325 /* PoseEstimator.swift */ = {isa = PBXFileReference; lastKnownFileType = sourcecode.swift; path = PoseEstimator.swift; sourceTree = "<group>"; };
		7105C932241D0651001A4325 /* TFLiteImageInterpreter.swift */ = {isa = PBXFileReference; lastKnownFileType = sourcecode.swift; path = TFLiteImageInterpreter.swift; sourceTree = "<group>"; };
		7105C934241D0821001A4325 /* PoseNetPoseEstimator.swift */ = {isa = PBXFileReference; lastKnownFileType = sourcecode.swift; path = PoseNetPoseEstimator.swift; sourceTree = "<group>"; };
		7105C936241D29B8001A4325 /* VideoCapture.swift */ = {isa = PBXFileReference; lastKnownFileType = sourcecode.swift; path = VideoCapture.swift; sourceTree = "<group>"; };
		7105C939241E7624001A4325 /* posenet_mobilenet_v1_100_257x257_multi_kpt_stripped.tflite */ = {isa = PBXFileReference; lastKnownFileType = file; path = posenet_mobilenet_v1_100_257x257_multi_kpt_stripped.tflite; sourceTree = "<group>"; };
		7105C93B241E8CE3001A4325 /* CVPixelBufferExtension.swift */ = {isa = PBXFileReference; lastKnownFileType = sourcecode.swift; path = CVPixelBufferExtension.swift; sourceTree = "<group>"; };
		7105C93D241E90C2001A4325 /* DataExtension.swift */ = {isa = PBXFileReference; lastKnownFileType = sourcecode.swift; path = DataExtension.swift; sourceTree = "<group>"; };
		712A7FC02424BDD800B043F9 /* StillImageLineViewController.swift */ = {isa = PBXFileReference; lastKnownFileType = sourcecode.swift; path = StillImageLineViewController.swift; sourceTree = "<group>"; };
		712A7FC3242504EB00B043F9 /* PoseKeypointsDrawingView.swift */ = {isa = PBXFileReference; lastKnownFileType = sourcecode.swift; path = PoseKeypointsDrawingView.swift; sourceTree = "<group>"; };
		712A7FC52425FD7200B043F9 /* UIImageExtension.swift */ = {isa = PBXFileReference; lastKnownFileType = sourcecode.swift; path = UIImageExtension.swift; sourceTree = "<group>"; };
		712A7FC8242667C900B043F9 /* PEFMHourglassPoseEstimator.swift */ = {isa = PBXFileReference; lastKnownFileType = sourcecode.swift; path = PEFMHourglassPoseEstimator.swift; sourceTree = "<group>"; };
		712A7FCC242668FF00B043F9 /* pefm_hourglass_v2.tflite */ = {isa = PBXFileReference; lastKnownFileType = file; path = pefm_hourglass_v2.tflite; sourceTree = "<group>"; };
		712A7FCE2426690A00B043F9 /* pefm_cpm.tflite */ = {isa = PBXFileReference; lastKnownFileType = file; path = pefm_cpm.tflite; sourceTree = "<group>"; };
		712A7FD02426691B00B043F9 /* PEFMCPMPoseEstimator.swift */ = {isa = PBXFileReference; lastKnownFileType = sourcecode.swift; path = PEFMCPMPoseEstimator.swift; sourceTree = "<group>"; };
		712A7FD224266EC700B043F9 /* pefm_hourglass_v1.tflite */ = {isa = PBXFileReference; lastKnownFileType = file; path = pefm_hourglass_v1.tflite; sourceTree = "<group>"; };
		7138DCCE242142FE0048E1D2 /* TFLiteFlatArray.swift */ = {isa = PBXFileReference; lastKnownFileType = sourcecode.swift; path = TFLiteFlatArray.swift; sourceTree = "<group>"; };
		71A1ED1E24527D55001F796C /* PoseConfidenceMapDrawingView.swift */ = {isa = PBXFileReference; lastKnownFileType = sourcecode.swift; path = PoseConfidenceMapDrawingView.swift; sourceTree = "<group>"; };
		71A1ED4024574F2E001F796C /* StillImageHeatmapViewController.swift */ = {isa = PBXFileReference; lastKnownFileType = sourcecode.swift; path = StillImageHeatmapViewController.swift; sourceTree = "<group>"; };
		71A1ED42245971AC001F796C /* LICENSE */ = {isa = PBXFileReference; fileEncoding = 4; lastKnownFileType = text; path = LICENSE; sourceTree = "<group>"; };
		71B07B96245E5C6C001FD385 /* NumericExtension.swift */ = {isa = PBXFileReference; lastKnownFileType = sourcecode.swift; path = NumericExtension.swift; sourceTree = "<group>"; };
		71DD577E2446D7CF0024C146 /* NonMaximumnonSuppression.swift */ = {isa = PBXFileReference; lastKnownFileType = sourcecode.swift; path = NonMaximumnonSuppression.swift; sourceTree = "<group>"; };
		71E8D9162438BAC10081DD6E /* openpose_ildoonet.tflite */ = {isa = PBXFileReference; lastKnownFileType = file; path = openpose_ildoonet.tflite; sourceTree = "<group>"; };
		71E8D9182438BAD80081DD6E /* OpenPosePoseEstimator.swift */ = {isa = PBXFileReference; lastKnownFileType = sourcecode.swift; path = OpenPosePoseEstimator.swift; sourceTree = "<group>"; };
		71E8D93A243CC5320081DD6E /* README.md */ = {isa = PBXFileReference; fileEncoding = 4; lastKnownFileType = net.daringfireball.markdown; path = README.md; sourceTree = "<group>"; };
		71FE62A42466941400425708 /* LiveLineHeatmapViewController.swift */ = {isa = PBXFileReference; lastKnownFileType = sourcecode.swift; path = LiveLineHeatmapViewController.swift; sourceTree = "<group>"; };
		8C8112449130BEE4072F1385 /* Pods-PoseEstimation-TFLiteSwift.release.xcconfig */ = {isa = PBXFileReference; includeInIndex = 1; lastKnownFileType = text.xcconfig; name = "Pods-PoseEstimation-TFLiteSwift.release.xcconfig"; path = "Target Support Files/Pods-PoseEstimation-TFLiteSwift/Pods-PoseEstimation-TFLiteSwift.release.xcconfig"; sourceTree = "<group>"; };
/* End PBXFileReference section */

/* Begin PBXFrameworksBuildPhase section */
		7105C90F241CE9B5001A4325 /* Frameworks */ = {
			isa = PBXFrameworksBuildPhase;
			buildActionMask = 2147483647;
			files = (
				E0C93A920161DEF82C2B75E0 /* Pods_PoseEstimation_TFLiteSwift.framework in Frameworks */,
			);
			runOnlyForDeploymentPostprocessing = 0;
		};
/* End PBXFrameworksBuildPhase section */

/* Begin PBXGroup section */
		7105C909241CE9B5001A4325 = {
			isa = PBXGroup;
			children = (
				71A1ED42245971AC001F796C /* LICENSE */,
				71E8D93A243CC5320081DD6E /* README.md */,
				7105C914241CE9B5001A4325 /* PoseEstimation-TFLiteSwift */,
				7105C913241CE9B5001A4325 /* Products */,
				C0C61619494007101B3B8411 /* Pods */,
				EFFA07E263F3660EF980109A /* Frameworks */,
			);
			sourceTree = "<group>";
		};
		7105C913241CE9B5001A4325 /* Products */ = {
			isa = PBXGroup;
			children = (
				7105C912241CE9B5001A4325 /* Pose-TFLiteSwift.app */,
			);
			name = Products;
			sourceTree = "<group>";
		};
		7105C914241CE9B5001A4325 /* PoseEstimation-TFLiteSwift */ = {
			isa = PBXGroup;
			children = (
				7105C915241CE9B5001A4325 /* AppDelegate.swift */,
				7105C91B241CE9B6001A4325 /* Main.storyboard */,
				712A7FC02424BDD800B043F9 /* StillImageLineViewController.swift */,
				71A1ED4024574F2E001F796C /* StillImageHeatmapViewController.swift */,
				71FE62A42466941400425708 /* LiveLineHeatmapViewController.swift */,
				7105C929241D011F001A4325 /* View */,
				7105C92B241D0150001A4325 /* MLModel */,
				71DD577D2446D7A40024C146 /* Algorithm */,
				7105C92A241D0144001A4325 /* Extension */,
				7105C938241D29C5001A4325 /* Video */,
				7105C91E241CE9B7001A4325 /* Assets.xcassets */,
				7105C920241CE9B7001A4325 /* LaunchScreen.storyboard */,
				7105C923241CE9B7001A4325 /* Info.plist */,
			);
			path = "PoseEstimation-TFLiteSwift";
			sourceTree = "<group>";
		};
		7105C929241D011F001A4325 /* View */ = {
			isa = PBXGroup;
			children = (
				712A7FC3242504EB00B043F9 /* PoseKeypointsDrawingView.swift */,
				71A1ED1E24527D55001F796C /* PoseConfidenceMapDrawingView.swift */,
			);
			name = View;
			sourceTree = "<group>";
		};
		7105C92A241D0144001A4325 /* Extension */ = {
			isa = PBXGroup;
			children = (
				7105C93B241E8CE3001A4325 /* CVPixelBufferExtension.swift */,
				712A7FC52425FD7200B043F9 /* UIImageExtension.swift */,
				7105C93D241E90C2001A4325 /* DataExtension.swift */,
				71B07B96245E5C6C001FD385 /* NumericExtension.swift */,
			);
			name = Extension;
			sourceTree = "<group>";
		};
		7105C92B241D0150001A4325 /* MLModel */ = {
			isa = PBXGroup;
			children = (
				7105C92E241D0235001A4325 /* PoseEstimator.swift */,
				7105C932241D0651001A4325 /* TFLiteImageInterpreter.swift */,
				7138DCCE242142FE0048E1D2 /* TFLiteFlatArray.swift */,
				712A7FC22424FEC900B043F9 /* PoseNet */,
				712A7FC7242667A400B043F9 /* PoseEstimationForMobile */,
				71E8D9152438BA5B0081DD6E /* OpenPose */,
			);
			name = MLModel;
			sourceTree = "<group>";
		};
		7105C938241D29C5001A4325 /* Video */ = {
			isa = PBXGroup;
			children = (
				7105C936241D29B8001A4325 /* VideoCapture.swift */,
			);
			name = Video;
			sourceTree = "<group>";
		};
		712A7FC22424FEC900B043F9 /* PoseNet */ = {
			isa = PBXGroup;
			children = (
				7105C939241E7624001A4325 /* posenet_mobilenet_v1_100_257x257_multi_kpt_stripped.tflite */,
				7105C934241D0821001A4325 /* PoseNetPoseEstimator.swift */,
			);
			name = PoseNet;
			sourceTree = "<group>";
		};
		712A7FC7242667A400B043F9 /* PoseEstimationForMobile */ = {
			isa = PBXGroup;
			children = (
				712A7FCE2426690A00B043F9 /* pefm_cpm.tflite */,
				712A7FD02426691B00B043F9 /* PEFMCPMPoseEstimator.swift */,
				712A7FD224266EC700B043F9 /* pefm_hourglass_v1.tflite */,
				712A7FCC242668FF00B043F9 /* pefm_hourglass_v2.tflite */,
				712A7FC8242667C900B043F9 /* PEFMHourglassPoseEstimator.swift */,
			);
			path = PoseEstimationForMobile;
			sourceTree = "<group>";
		};
		71DD577D2446D7A40024C146 /* Algorithm */ = {
			isa = PBXGroup;
			children = (
				71DD577E2446D7CF0024C146 /* NonMaximumnonSuppression.swift */,
			);
			name = Algorithm;
			sourceTree = "<group>";
		};
		71E8D9152438BA5B0081DD6E /* OpenPose */ = {
			isa = PBXGroup;
			children = (
				71E8D9162438BAC10081DD6E /* openpose_ildoonet.tflite */,
				71E8D9182438BAD80081DD6E /* OpenPosePoseEstimator.swift */,
			);
			path = OpenPose;
			sourceTree = "<group>";
		};
		C0C61619494007101B3B8411 /* Pods */ = {
			isa = PBXGroup;
			children = (
				2CB3B8CB51A6B2D98D208272 /* Pods-PoseEstimation-TFLiteSwift.debug.xcconfig */,
				8C8112449130BEE4072F1385 /* Pods-PoseEstimation-TFLiteSwift.release.xcconfig */,
			);
			path = Pods;
			sourceTree = "<group>";
		};
		EFFA07E263F3660EF980109A /* Frameworks */ = {
			isa = PBXGroup;
			children = (
				5D99304E5824CB3ABF8752B4 /* Pods_PoseEstimation_TFLiteSwift.framework */,
			);
			name = Frameworks;
			sourceTree = "<group>";
		};
/* End PBXGroup section */

/* Begin PBXNativeTarget section */
		7105C911241CE9B5001A4325 /* PoseEstimation-TFLiteSwift */ = {
			isa = PBXNativeTarget;
			buildConfigurationList = 7105C926241CE9B7001A4325 /* Build configuration list for PBXNativeTarget "PoseEstimation-TFLiteSwift" */;
			buildPhases = (
				D7E4DA84AF8463F0CAB33710 /* [CP] Check Pods Manifest.lock */,
				7105C90E241CE9B5001A4325 /* Sources */,
				7105C90F241CE9B5001A4325 /* Frameworks */,
				7105C910241CE9B5001A4325 /* Resources */,
			);
			buildRules = (
			);
			dependencies = (
			);
			name = "PoseEstimation-TFLiteSwift";
			productName = "PoseEstimation-TFLiteSwift";
			productReference = 7105C912241CE9B5001A4325 /* Pose-TFLiteSwift.app */;
			productType = "com.apple.product-type.application";
		};
/* End PBXNativeTarget section */

/* Begin PBXProject section */
		7105C90A241CE9B5001A4325 /* Project object */ = {
			isa = PBXProject;
			attributes = {
				LastSwiftUpdateCheck = 1130;
				LastUpgradeCheck = 1130;
				ORGANIZATIONNAME = "Doyoung Gwak";
				TargetAttributes = {
					7105C911241CE9B5001A4325 = {
						CreatedOnToolsVersion = 11.3.1;
					};
				};
			};
			buildConfigurationList = 7105C90D241CE9B5001A4325 /* Build configuration list for PBXProject "PoseEstimation-TFLiteSwift" */;
			compatibilityVersion = "Xcode 9.3";
			developmentRegion = en;
			hasScannedForEncodings = 0;
			knownRegions = (
				en,
				Base,
			);
			mainGroup = 7105C909241CE9B5001A4325;
			productRefGroup = 7105C913241CE9B5001A4325 /* Products */;
			projectDirPath = "";
			projectRoot = "";
			targets = (
				7105C911241CE9B5001A4325 /* PoseEstimation-TFLiteSwift */,
			);
		};
/* End PBXProject section */

/* Begin PBXResourcesBuildPhase section */
		7105C910241CE9B5001A4325 /* Resources */ = {
			isa = PBXResourcesBuildPhase;
			buildActionMask = 2147483647;
			files = (
				712A7FD324266EC700B043F9 /* pefm_hourglass_v1.tflite in Resources */,
				7105C922241CE9B7001A4325 /* LaunchScreen.storyboard in Resources */,
				7105C91F241CE9B7001A4325 /* Assets.xcassets in Resources */,
				712A7FCF2426690A00B043F9 /* pefm_cpm.tflite in Resources */,
				71A1ED43245971AC001F796C /* LICENSE in Resources */,
				71E8D9172438BAC10081DD6E /* openpose_ildoonet.tflite in Resources */,
				7105C91D241CE9B6001A4325 /* Main.storyboard in Resources */,
				71E8D93B243CC5330081DD6E /* README.md in Resources */,
				712A7FCD242668FF00B043F9 /* pefm_hourglass_v2.tflite in Resources */,
				7105C93A241E7624001A4325 /* posenet_mobilenet_v1_100_257x257_multi_kpt_stripped.tflite in Resources */,
			);
			runOnlyForDeploymentPostprocessing = 0;
		};
/* End PBXResourcesBuildPhase section */

/* Begin PBXShellScriptBuildPhase section */
		D7E4DA84AF8463F0CAB33710 /* [CP] Check Pods Manifest.lock */ = {
			isa = PBXShellScriptBuildPhase;
			buildActionMask = 2147483647;
			files = (
			);
			inputFileListPaths = (
			);
			inputPaths = (
				"${PODS_PODFILE_DIR_PATH}/Podfile.lock",
				"${PODS_ROOT}/Manifest.lock",
			);
			name = "[CP] Check Pods Manifest.lock";
			outputFileListPaths = (
			);
			outputPaths = (
				"$(DERIVED_FILE_DIR)/Pods-PoseEstimation-TFLiteSwift-checkManifestLockResult.txt",
			);
			runOnlyForDeploymentPostprocessing = 0;
			shellPath = /bin/sh;
			shellScript = "diff \"${PODS_PODFILE_DIR_PATH}/Podfile.lock\" \"${PODS_ROOT}/Manifest.lock\" > /dev/null\nif [ $? != 0 ] ; then\n    # print error to STDERR\n    echo \"error: The sandbox is not in sync with the Podfile.lock. Run 'pod install' or update your CocoaPods installation.\" >&2\n    exit 1\nfi\n# This output is used by Xcode 'outputs' to avoid re-running this script phase.\necho \"SUCCESS\" > \"${SCRIPT_OUTPUT_FILE_0}\"\n";
			showEnvVarsInLog = 0;
		};
/* End PBXShellScriptBuildPhase section */

/* Begin PBXSourcesBuildPhase section */
		7105C90E241CE9B5001A4325 /* Sources */ = {
			isa = PBXSourcesBuildPhase;
			buildActionMask = 2147483647;
			files = (
				7105C933241D0651001A4325 /* TFLiteImageInterpreter.swift in Sources */,
				71A1ED1F24527D55001F796C /* PoseConfidenceMapDrawingView.swift in Sources */,
				7105C93C241E8CE3001A4325 /* CVPixelBufferExtension.swift in Sources */,
				712A7FC9242667C900B043F9 /* PEFMHourglassPoseEstimator.swift in Sources */,
				71B07B97245E5C6C001FD385 /* NumericExtension.swift in Sources */,
				7105C916241CE9B5001A4325 /* AppDelegate.swift in Sources */,
				7105C92F241D0235001A4325 /* PoseEstimator.swift in Sources */,
				712A7FD12426691B00B043F9 /* PEFMCPMPoseEstimator.swift in Sources */,
				71FE62A52466941400425708 /* LiveLineHeatmapViewController.swift in Sources */,
				71E8D9192438BAD80081DD6E /* OpenPosePoseEstimator.swift in Sources */,
				71DD577F2446D7CF0024C146 /* NonMaximumnonSuppression.swift in Sources */,
				712A7FC4242504EB00B043F9 /* PoseKeypointsDrawingView.swift in Sources */,
				7138DCCF242142FE0048E1D2 /* TFLiteFlatArray.swift in Sources */,
				7105C93E241E90C2001A4325 /* DataExtension.swift in Sources */,
				712A7FC12424BDD800B043F9 /* StillImageLineViewController.swift in Sources */,
				71A1ED4124574F2E001F796C /* StillImageHeatmapViewController.swift in Sources */,
				7105C937241D29B8001A4325 /* VideoCapture.swift in Sources */,
				7105C935241D0821001A4325 /* PoseNetPoseEstimator.swift in Sources */,
				712A7FC62425FD7200B043F9 /* UIImageExtension.swift in Sources */,
			);
			runOnlyForDeploymentPostprocessing = 0;
		};
/* End PBXSourcesBuildPhase section */

/* Begin PBXVariantGroup section */
		7105C91B241CE9B6001A4325 /* Main.storyboard */ = {
			isa = PBXVariantGroup;
			children = (
				7105C91C241CE9B6001A4325 /* Base */,
			);
			name = Main.storyboard;
			sourceTree = "<group>";
		};
		7105C920241CE9B7001A4325 /* LaunchScreen.storyboard */ = {
			isa = PBXVariantGroup;
			children = (
				7105C921241CE9B7001A4325 /* Base */,
			);
			name = LaunchScreen.storyboard;
			sourceTree = "<group>";
		};
/* End PBXVariantGroup section */

/* Begin XCBuildConfiguration section */
		7105C924241CE9B7001A4325 /* Debug */ = {
			isa = XCBuildConfiguration;
			buildSettings = {
				ALWAYS_SEARCH_USER_PATHS = NO;
				CLANG_ANALYZER_NONNULL = YES;
				CLANG_ANALYZER_NUMBER_OBJECT_CONVERSION = YES_AGGRESSIVE;
				CLANG_CXX_LANGUAGE_STANDARD = "gnu++14";
				CLANG_CXX_LIBRARY = "libc++";
				CLANG_ENABLE_MODULES = YES;
				CLANG_ENABLE_OBJC_ARC = YES;
				CLANG_ENABLE_OBJC_WEAK = YES;
				CLANG_WARN_BLOCK_CAPTURE_AUTORELEASING = YES;
				CLANG_WARN_BOOL_CONVERSION = YES;
				CLANG_WARN_COMMA = YES;
				CLANG_WARN_CONSTANT_CONVERSION = YES;
				CLANG_WARN_DEPRECATED_OBJC_IMPLEMENTATIONS = YES;
				CLANG_WARN_DIRECT_OBJC_ISA_USAGE = YES_ERROR;
				CLANG_WARN_DOCUMENTATION_COMMENTS = YES;
				CLANG_WARN_EMPTY_BODY = YES;
				CLANG_WARN_ENUM_CONVERSION = YES;
				CLANG_WARN_INFINITE_RECURSION = YES;
				CLANG_WARN_INT_CONVERSION = YES;
				CLANG_WARN_NON_LITERAL_NULL_CONVERSION = YES;
				CLANG_WARN_OBJC_IMPLICIT_RETAIN_SELF = YES;
				CLANG_WARN_OBJC_LITERAL_CONVERSION = YES;
				CLANG_WARN_OBJC_ROOT_CLASS = YES_ERROR;
				CLANG_WARN_RANGE_LOOP_ANALYSIS = YES;
				CLANG_WARN_STRICT_PROTOTYPES = YES;
				CLANG_WARN_SUSPICIOUS_MOVE = YES;
				CLANG_WARN_UNGUARDED_AVAILABILITY = YES_AGGRESSIVE;
				CLANG_WARN_UNREACHABLE_CODE = YES;
				CLANG_WARN__DUPLICATE_METHOD_MATCH = YES;
				COPY_PHASE_STRIP = NO;
				DEBUG_INFORMATION_FORMAT = dwarf;
				ENABLE_STRICT_OBJC_MSGSEND = YES;
				ENABLE_TESTABILITY = YES;
				GCC_C_LANGUAGE_STANDARD = gnu11;
				GCC_DYNAMIC_NO_PIC = NO;
				GCC_NO_COMMON_BLOCKS = YES;
				GCC_OPTIMIZATION_LEVEL = 0;
				GCC_PREPROCESSOR_DEFINITIONS = (
					"DEBUG=1",
					"$(inherited)",
				);
				GCC_WARN_64_TO_32_BIT_CONVERSION = YES;
				GCC_WARN_ABOUT_RETURN_TYPE = YES_ERROR;
				GCC_WARN_UNDECLARED_SELECTOR = YES;
				GCC_WARN_UNINITIALIZED_AUTOS = YES_AGGRESSIVE;
				GCC_WARN_UNUSED_FUNCTION = YES;
				GCC_WARN_UNUSED_VARIABLE = YES;
				IPHONEOS_DEPLOYMENT_TARGET = 13.2;
				MTL_ENABLE_DEBUG_INFO = INCLUDE_SOURCE;
				MTL_FAST_MATH = YES;
				ONLY_ACTIVE_ARCH = YES;
				SDKROOT = iphoneos;
				SWIFT_ACTIVE_COMPILATION_CONDITIONS = DEBUG;
				SWIFT_OPTIMIZATION_LEVEL = "-Onone";
			};
			name = Debug;
		};
		7105C925241CE9B7001A4325 /* Release */ = {
			isa = XCBuildConfiguration;
			buildSettings = {
				ALWAYS_SEARCH_USER_PATHS = NO;
				CLANG_ANALYZER_NONNULL = YES;
				CLANG_ANALYZER_NUMBER_OBJECT_CONVERSION = YES_AGGRESSIVE;
				CLANG_CXX_LANGUAGE_STANDARD = "gnu++14";
				CLANG_CXX_LIBRARY = "libc++";
				CLANG_ENABLE_MODULES = YES;
				CLANG_ENABLE_OBJC_ARC = YES;
				CLANG_ENABLE_OBJC_WEAK = YES;
				CLANG_WARN_BLOCK_CAPTURE_AUTORELEASING = YES;
				CLANG_WARN_BOOL_CONVERSION = YES;
				CLANG_WARN_COMMA = YES;
				CLANG_WARN_CONSTANT_CONVERSION = YES;
				CLANG_WARN_DEPRECATED_OBJC_IMPLEMENTATIONS = YES;
				CLANG_WARN_DIRECT_OBJC_ISA_USAGE = YES_ERROR;
				CLANG_WARN_DOCUMENTATION_COMMENTS = YES;
				CLANG_WARN_EMPTY_BODY = YES;
				CLANG_WARN_ENUM_CONVERSION = YES;
				CLANG_WARN_INFINITE_RECURSION = YES;
				CLANG_WARN_INT_CONVERSION = YES;
				CLANG_WARN_NON_LITERAL_NULL_CONVERSION = YES;
				CLANG_WARN_OBJC_IMPLICIT_RETAIN_SELF = YES;
				CLANG_WARN_OBJC_LITERAL_CONVERSION = YES;
				CLANG_WARN_OBJC_ROOT_CLASS = YES_ERROR;
				CLANG_WARN_RANGE_LOOP_ANALYSIS = YES;
				CLANG_WARN_STRICT_PROTOTYPES = YES;
				CLANG_WARN_SUSPICIOUS_MOVE = YES;
				CLANG_WARN_UNGUARDED_AVAILABILITY = YES_AGGRESSIVE;
				CLANG_WARN_UNREACHABLE_CODE = YES;
				CLANG_WARN__DUPLICATE_METHOD_MATCH = YES;
				COPY_PHASE_STRIP = NO;
				DEBUG_INFORMATION_FORMAT = "dwarf-with-dsym";
				ENABLE_NS_ASSERTIONS = NO;
				ENABLE_STRICT_OBJC_MSGSEND = YES;
				GCC_C_LANGUAGE_STANDARD = gnu11;
				GCC_NO_COMMON_BLOCKS = YES;
				GCC_WARN_64_TO_32_BIT_CONVERSION = YES;
				GCC_WARN_ABOUT_RETURN_TYPE = YES_ERROR;
				GCC_WARN_UNDECLARED_SELECTOR = YES;
				GCC_WARN_UNINITIALIZED_AUTOS = YES_AGGRESSIVE;
				GCC_WARN_UNUSED_FUNCTION = YES;
				GCC_WARN_UNUSED_VARIABLE = YES;
				IPHONEOS_DEPLOYMENT_TARGET = 13.2;
				MTL_ENABLE_DEBUG_INFO = NO;
				MTL_FAST_MATH = YES;
				SDKROOT = iphoneos;
				SWIFT_COMPILATION_MODE = wholemodule;
				SWIFT_OPTIMIZATION_LEVEL = "-O";
				VALIDATE_PRODUCT = YES;
			};
			name = Release;
		};
		7105C927241CE9B7001A4325 /* Debug */ = {
			isa = XCBuildConfiguration;
			baseConfigurationReference = 2CB3B8CB51A6B2D98D208272 /* Pods-PoseEstimation-TFLiteSwift.debug.xcconfig */;
			buildSettings = {
				ASSETCATALOG_COMPILER_APPICON_NAME = AppIcon;
				CODE_SIGN_STYLE = Automatic;
				DEVELOPMENT_TEAM = 5WXJ4Z4H69;
				INFOPLIST_FILE = "PoseEstimation-TFLiteSwift/Info.plist";
				IPHONEOS_DEPLOYMENT_TARGET = 11.0;
				LD_RUNPATH_SEARCH_PATHS = (
					"$(inherited)",
					"@executable_path/Frameworks",
				);
				PRODUCT_BUNDLE_IDENTIFIER = "com.tucan9389.PoseEstimation-TFLiteSwift";
				PRODUCT_NAME = "Pose-TFLiteSwift";
				SWIFT_VERSION = 5.0;
				TARGETED_DEVICE_FAMILY = "1,2";
			};
			name = Debug;
		};
		7105C928241CE9B7001A4325 /* Release */ = {
			isa = XCBuildConfiguration;
			baseConfigurationReference = 8C8112449130BEE4072F1385 /* Pods-PoseEstimation-TFLiteSwift.release.xcconfig */;
			buildSettings = {
				ASSETCATALOG_COMPILER_APPICON_NAME = AppIcon;
				CODE_SIGN_STYLE = Automatic;
				DEVELOPMENT_TEAM = 5WXJ4Z4H69;
				INFOPLIST_FILE = "PoseEstimation-TFLiteSwift/Info.plist";
				IPHONEOS_DEPLOYMENT_TARGET = 11.0;
				LD_RUNPATH_SEARCH_PATHS = (
					"$(inherited)",
					"@executable_path/Frameworks",
				);
				PRODUCT_BUNDLE_IDENTIFIER = "com.tucan9389.PoseEstimation-TFLiteSwift";
				PRODUCT_NAME = "Pose-TFLiteSwift";
				SWIFT_VERSION = 5.0;
				TARGETED_DEVICE_FAMILY = "1,2";
			};
			name = Release;
		};
/* End XCBuildConfiguration section */

/* Begin XCConfigurationList section */
		7105C90D241CE9B5001A4325 /* Build configuration list for PBXProject "PoseEstimation-TFLiteSwift" */ = {
			isa = XCConfigurationList;
			buildConfigurations = (
				7105C924241CE9B7001A4325 /* Debug */,
				7105C925241CE9B7001A4325 /* Release */,
			);
			defaultConfigurationIsVisible = 0;
			defaultConfigurationName = Release;
		};
		7105C926241CE9B7001A4325 /* Build configuration list for PBXNativeTarget "PoseEstimation-TFLiteSwift" */ = {
			isa = XCConfigurationList;
			buildConfigurations = (
				7105C927241CE9B7001A4325 /* Debug */,
				7105C928241CE9B7001A4325 /* Release */,
			);
			defaultConfigurationIsVisible = 0;
			defaultConfigurationName = Release;
		};
/* End XCConfigurationList section */
	};
	rootObject = 7105C90A241CE9B5001A4325 /* Project object */;
}
